
Microsoft Visual Studio Solution File, Format Version 12.00
# Visual Studio Version 16
VisualStudioVersion = 16.0.31410.357
MinimumVisualStudioVersion = 10.0.40219.1
Project("{9A19103F-16F7-4668-BE54-9A1E7A4F7556}") = "Calculator", "Week1\Calculator.csproj", "{6AD0C53E-7894-41BB-A2CA-09C49DBBE45F}"
EndProject
Project("{9A19103F-16F7-4668-BE54-9A1E7A4F7556}") = "CharOnString", "CharOnString\CharOnString.csproj", "{34400CDC-D2FC-42C0-AB6D-618DF7ACB1E2}"
EndProject
Project("{9A19103F-16F7-4668-BE54-9A1E7A4F7556}") = "AscendentArray", "AscendentArray\AscendentArray.csproj", "{FE38AFE5-05E0-4E79-BEDF-E53B69F2AD67}"
EndProject
Project("{9A19103F-16F7-4668-BE54-9A1E7A4F7556}") = "RepetedChar", "RepetedChar\RepetedChar.csproj", "{AEC0C497-8D1E-4BA6-8BB4-2D461B3081BB}"
EndProject
Project("{9A19103F-16F7-4668-BE54-9A1E7A4F7556}") = "SortingArray", "SortingArray\SortingArray.csproj", "{1463F97F-97CC-4596-BD0A-48C9DFCE992C}"
EndProject
Project("{9A19103F-16F7-4668-BE54-9A1E7A4F7556}") = "SearchArray", "SearchArray\SearchArray.csproj", "{6DA2B91A-F9EE-44F6-927B-0B7809F58BB6}"
EndProject
Project("{9A19103F-16F7-4668-BE54-9A1E7A4F7556}") = "CheckedArrayInsertion", "CheckedArrayInsertion\CheckedArrayInsertion.csproj", "{7EC7A620-925E-48F6-B893-2E9C3B14ED29}"
EndProject
Project("{9A19103F-16F7-4668-BE54-9A1E7A4F7556}") = "CommonElements2Array", "CommonElements2Array\CommonElements2Array.csproj", "{CCBED6EC-ECC7-43C6-B8E6-1419D412FDFC}"
EndProject
Project("{FAE04EC0-301F-11D3-BF4B-00C04F79EFBC}") = "WeekDays", "WeekDays\WeekDays.csproj", "{FB5A40A3-8C3B-4268-8C68-FD9973DD0C02}"
EndProject
Project("{FAE04EC0-301F-11D3-BF4B-00C04F79EFBC}") = "DiceGame", "DiceGame\DiceGame.csproj", "{DD1B65FE-701F-4704-9471-84A83C6332F2}"
EndProject
Global
	GlobalSection(SolutionConfigurationPlatforms) = preSolution
		Debug|Any CPU = Debug|Any CPU
		Release|Any CPU = Release|Any CPU
	EndGlobalSection
	GlobalSection(ProjectConfigurationPlatforms) = postSolution
		{6AD0C53E-7894-41BB-A2CA-09C49DBBE45F}.Debug|Any CPU.ActiveCfg = Debug|Any CPU
		{6AD0C53E-7894-41BB-A2CA-09C49DBBE45F}.Debug|Any CPU.Build.0 = Debug|Any CPU
		{6AD0C53E-7894-41BB-A2CA-09C49DBBE45F}.Release|Any CPU.ActiveCfg = Release|Any CPU
		{6AD0C53E-7894-41BB-A2CA-09C49DBBE45F}.Release|Any CPU.Build.0 = Release|Any CPU
		{34400CDC-D2FC-42C0-AB6D-618DF7ACB1E2}.Debug|Any CPU.ActiveCfg = Debug|Any CPU
		{34400CDC-D2FC-42C0-AB6D-618DF7ACB1E2}.Debug|Any CPU.Build.0 = Debug|Any CPU
		{34400CDC-D2FC-42C0-AB6D-618DF7ACB1E2}.Release|Any CPU.ActiveCfg = Release|Any CPU
		{34400CDC-D2FC-42C0-AB6D-618DF7ACB1E2}.Release|Any CPU.Build.0 = Release|Any CPU
		{FE38AFE5-05E0-4E79-BEDF-E53B69F2AD67}.Debug|Any CPU.ActiveCfg = Debug|Any CPU
		{FE38AFE5-05E0-4E79-BEDF-E53B69F2AD67}.Debug|Any CPU.Build.0 = Debug|Any CPU
		{FE38AFE5-05E0-4E79-BEDF-E53B69F2AD67}.Release|Any CPU.ActiveCfg = Release|Any CPU
		{FE38AFE5-05E0-4E79-BEDF-E53B69F2AD67}.Release|Any CPU.Build.0 = Release|Any CPU
		{AEC0C497-8D1E-4BA6-8BB4-2D461B3081BB}.Debug|Any CPU.ActiveCfg = Debug|Any CPU
		{AEC0C497-8D1E-4BA6-8BB4-2D461B3081BB}.Debug|Any CPU.Build.0 = Debug|Any CPU
		{AEC0C497-8D1E-4BA6-8BB4-2D461B3081BB}.Release|Any CPU.ActiveCfg = Release|Any CPU
		{AEC0C497-8D1E-4BA6-8BB4-2D461B3081BB}.Release|Any CPU.Build.0 = Release|Any CPU
		{1463F97F-97CC-4596-BD0A-48C9DFCE992C}.Debug|Any CPU.ActiveCfg = Debug|Any CPU
		{1463F97F-97CC-4596-BD0A-48C9DFCE992C}.Debug|Any CPU.Build.0 = Debug|Any CPU
		{1463F97F-97CC-4596-BD0A-48C9DFCE992C}.Release|Any CPU.ActiveCfg = Release|Any CPU
		{1463F97F-97CC-4596-BD0A-48C9DFCE992C}.Release|Any CPU.Build.0 = Release|Any CPU
		{6DA2B91A-F9EE-44F6-927B-0B7809F58BB6}.Debug|Any CPU.ActiveCfg = Debug|Any CPU
		{6DA2B91A-F9EE-44F6-927B-0B7809F58BB6}.Debug|Any CPU.Build.0 = Debug|Any CPU
		{6DA2B91A-F9EE-44F6-927B-0B7809F58BB6}.Release|Any CPU.ActiveCfg = Release|Any CPU
		{6DA2B91A-F9EE-44F6-927B-0B7809F58BB6}.Release|Any CPU.Build.0 = Release|Any CPU
		{7EC7A620-925E-48F6-B893-2E9C3B14ED29}.Debug|Any CPU.ActiveCfg = Debug|Any CPU
		{7EC7A620-925E-48F6-B893-2E9C3B14ED29}.Debug|Any CPU.Build.0 = Debug|Any CPU
		{7EC7A620-925E-48F6-B893-2E9C3B14ED29}.Release|Any CPU.ActiveCfg = Release|Any CPU
		{7EC7A620-925E-48F6-B893-2E9C3B14ED29}.Release|Any CPU.Build.0 = Release|Any CPU
		{CCBED6EC-ECC7-43C6-B8E6-1419D412FDFC}.Debug|Any CPU.ActiveCfg = Debug|Any CPU
		{CCBED6EC-ECC7-43C6-B8E6-1419D412FDFC}.Debug|Any CPU.Build.0 = Debug|Any CPU
		{CCBED6EC-ECC7-43C6-B8E6-1419D412FDFC}.Release|Any CPU.ActiveCfg = Release|Any CPU
		{CCBED6EC-ECC7-43C6-B8E6-1419D412FDFC}.Release|Any CPU.Build.0 = Release|Any CPU
		{FB5A40A3-8C3B-4268-8C68-FD9973DD0C02}.Debug|Any CPU.ActiveCfg = Debug|Any CPU
		{FB5A40A3-8C3B-4268-8C68-FD9973DD0C02}.Debug|Any CPU.Build.0 = Debug|Any CPU
		{FB5A40A3-8C3B-4268-8C68-FD9973DD0C02}.Release|Any CPU.ActiveCfg = Release|Any CPU
		{FB5A40A3-8C3B-4268-8C68-FD9973DD0C02}.Release|Any CPU.Build.0 = Release|Any CPU
		{DD1B65FE-701F-4704-9471-84A83C6332F2}.Debug|Any CPU.ActiveCfg = Debug|Any CPU
		{DD1B65FE-701F-4704-9471-84A83C6332F2}.Debug|Any CPU.Build.0 = Debug|Any CPU
		{DD1B65FE-701F-4704-9471-84A83C6332F2}.Release|Any CPU.ActiveCfg = Release|Any CPU
		{DD1B65FE-701F-4704-9471-84A83C6332F2}.Release|Any CPU.Build.0 = Release|Any CPU
	EndGlobalSection
	GlobalSection(SolutionProperties) = preSolution
		HideSolutionNode = FALSE
	EndGlobalSection
	GlobalSection(ExtensibilityGlobals) = postSolution
		SolutionGuid = {7D072009-A0DF-4ADB-B8F3-A6EF86855560}
	EndGlobalSection
EndGlobal
